
Microsoft Visual Studio Solution File, Format Version 12.00
# Visual Studio 2013
VisualStudioVersion = 12.0.31101.0
MinimumVisualStudioVersion = 10.0.40219.1
Project("{FAE04EC0-301F-11D3-BF4B-00C04F79EFBC}") = "DictionaryConsoleApp", "DictionaryConsoleApp.csproj", "{0F3A8852-3883-478B-A5F9-1E5849B5CBFA}"
EndProject
Project("{FAE04EC0-301F-11D3-BF4B-00C04F79EFBC}") = "DataStructures", "..\DataStructures\DataStructures.csproj", "{3CEA7758-9255-4821-A43E-6914FB1B626B}"
EndProject
Project("{FAE04EC0-301F-11D3-BF4B-00C04F79EFBC}") = "ExtensionMethods", "..\ExtensionMethods\ExtensionMethods.csproj", "{3671937C-8219-4F12-B531-FC0C5C2E272A}"
EndProject
Project("{FAE04EC0-301F-11D3-BF4B-00C04F79EFBC}") = "Utils", "..\Utils\Utils\Utils.csproj", "{875A10A2-2E46-4C3F-813C-F9DEDDCEB2ED}"
EndProject
Global
	GlobalSection(SolutionConfigurationPlatforms) = preSolution
		Debug|Any CPU = Debug|Any CPU
		Release|Any CPU = Release|Any CPU
	EndGlobalSection
	GlobalSection(ProjectConfigurationPlatforms) = postSolution
		{0F3A8852-3883-478B-A5F9-1E5849B5CBFA}.Debug|Any CPU.ActiveCfg = Debug|Any CPU
		{0F3A8852-3883-478B-A5F9-1E5849B5CBFA}.Debug|Any CPU.Build.0 = Debug|Any CPU
		{0F3A8852-3883-478B-A5F9-1E5849B5CBFA}.Release|Any CPU.ActiveCfg = Release|Any CPU
		{0F3A8852-3883-478B-A5F9-1E5849B5CBFA}.Release|Any CPU.Build.0 = Release|Any CPU
		{3CEA7758-9255-4821-A43E-6914FB1B626B}.Debug|Any CPU.ActiveCfg = Debug|Any CPU
		{3CEA7758-9255-4821-A43E-6914FB1B626B}.Debug|Any CPU.Build.0 = Debug|Any CPU
		{3CEA7758-9255-4821-A43E-6914FB1B626B}.Release|Any CPU.ActiveCfg = Release|Any CPU
		{3CEA7758-9255-4821-A43E-6914FB1B626B}.Release|Any CPU.Build.0 = Release|Any CPU
		{3671937C-8219-4F12-B531-FC0C5C2E272A}.Debug|Any CPU.ActiveCfg = Debug|Any CPU
		{3671937C-8219-4F12-B531-FC0C5C2E272A}.Debug|Any CPU.Build.0 = Debug|Any CPU
		{3671937C-8219-4F12-B531-FC0C5C2E272A}.Release|Any CPU.ActiveCfg = Release|Any CPU
		{3671937C-8219-4F12-B531-FC0C5C2E272A}.Release|Any CPU.Build.0 = Release|Any CPU
		{875A10A2-2E46-4C3F-813C-F9DEDDCEB2ED}.Debug|Any CPU.ActiveCfg = Debug|Any CPU
		{875A10A2-2E46-4C3F-813C-F9DEDDCEB2ED}.Debug|Any CPU.Build.0 = Debug|Any CPU
		{875A10A2-2E46-4C3F-813C-F9DEDDCEB2ED}.Release|Any CPU.ActiveCfg = Release|Any CPU
		{875A10A2-2E46-4C3F-813C-F9DEDDCEB2ED}.Release|Any CPU.Build.0 = Release|Any CPU
	EndGlobalSection
	GlobalSection(SolutionProperties) = preSolution
		HideSolutionNode = FALSE
	EndGlobalSection
EndGlobal
